
Microsoft Visual Studio Solution File, Format Version 12.00
# Visual Studio 15
VisualStudioVersion = 15.0.28307.902
MinimumVisualStudioVersion = 10.0.40219.1
Project("{FAE04EC0-301F-11D3-BF4B-00C04F79EFBC}") = "YilanOyunu", "YilanOyunu\YilanOyunu.csproj", "{3DED26C5-9CDF-4AA6-9C36-D4F476CCE8BA}"
EndProject
Global
	GlobalSection(SolutionConfigurationPlatforms) = preSolution
		Debug|Any CPU = Debug|Any CPU
		Release|Any CPU = Release|Any CPU
	EndGlobalSection
	GlobalSection(ProjectConfigurationPlatforms) = postSolution
		{3DED26C5-9CDF-4AA6-9C36-D4F476CCE8BA}.Debug|Any CPU.ActiveCfg = Debug|Any CPU
		{3DED26C5-9CDF-4AA6-9C36-D4F476CCE8BA}.Debug|Any CPU.Build.0 = Debug|Any CPU
		{3DED26C5-9CDF-4AA6-9C36-D4F476CCE8BA}.Release|Any CPU.ActiveCfg = Release|Any CPU
		{3DED26C5-9CDF-4AA6-9C36-D4F476CCE8BA}.Release|Any CPU.Build.0 = Release|Any CPU
	EndGlobalSection
	GlobalSection(SolutionProperties) = preSolution
		HideSolutionNode = FALSE
	EndGlobalSection
	GlobalSection(ExtensibilityGlobals) = postSolution
		SolutionGuid = {3ABDB44C-C7D6-4CC0-BA64-186A7CB883EE}
	EndGlobalSection
EndGlobal
